
Microsoft Visual Studio Solution File, Format Version 12.00
# Visual Studio 15
VisualStudioVersion = 15.0.26730.3
MinimumVisualStudioVersion = 10.0.40219.1
Project("{2150E333-8FDC-42A3-9474-1A3956D46DE8}") = "Services", "Services", "{591B455B-7653-427B-9575-F1E28EFE5AFA}"
EndProject
Project("{2150E333-8FDC-42A3-9474-1A3956D46DE8}") = "PersonService", "PersonService", "{73164829-EB96-4BE9-A852-EDFDDD73AD20}"
EndProject
Project("{2150E333-8FDC-42A3-9474-1A3956D46DE8}") = "Base", "Base", "{CD2C6D89-E7BC-47B5-88C1-F7EFA6A1F184}"
EndProject
Project("{9A19103F-16F7-4668-BE54-9A1E7A4F7556}") = "Infrastructure.Base", "Base\Infrastructure.Base.csproj", "{3029F60E-F049-421C-8542-44455FC3804A}"
EndProject
Project("{9A19103F-16F7-4668-BE54-9A1E7A4F7556}") = "PersonService", "Services\PersonService\PersonService.csproj", "{3CDB68F7-F9C1-40E4-A53F-706A67E4339F}"
EndProject
Project("{9A19103F-16F7-4668-BE54-9A1E7A4F7556}") = "PersonService.Infrastructure", "Services\PersonService.Infrastructure\PersonService.Infrastructure.csproj", "{CF0A9873-DEDE-404F-9747-30AFBCF48E7B}"
EndProject
Project("{9A19103F-16F7-4668-BE54-9A1E7A4F7556}") = "PersonServiceAPI", "Services\PersonServiceAPI\PersonServiceAPI.csproj", "{C2B9CB26-7BF5-4592-A8B7-F2109C88D077}"
EndProject
Project("{2150E333-8FDC-42A3-9474-1A3956D46DE8}") = "PersonService.Test", "PersonService.Test", "{3CF229AD-9F9B-45B6-90B5-1872B42DF92D}"
EndProject
Project("{9A19103F-16F7-4668-BE54-9A1E7A4F7556}") = "PersonService.Infrastructure.Test", "Services.Test\PersonService.Infrastructure.Test\PersonService.Infrastructure.Test.csproj", "{E52CC96B-E9A8-4354-B2D6-82FADD6C4E86}"
EndProject
Project("{2150E333-8FDC-42A3-9474-1A3956D46DE8}") = "GUI", "GUI", "{444A10E6-0737-4193-BE20-6B9D1895E0A8}"
EndProject
Project("{FAE04EC0-301F-11D3-BF4B-00C04F79EFBC}") = "WebApp", "GUI\WebApp\WebApp.csproj", "{57A9811D-AD82-4DB5-9C91-E63D28289D8F}"
EndProject
Global
	GlobalSection(SolutionConfigurationPlatforms) = preSolution
		Debug|Any CPU = Debug|Any CPU
		Release|Any CPU = Release|Any CPU
	EndGlobalSection
	GlobalSection(ProjectConfigurationPlatforms) = postSolution
		{3029F60E-F049-421C-8542-44455FC3804A}.Debug|Any CPU.ActiveCfg = Debug|Any CPU
		{3029F60E-F049-421C-8542-44455FC3804A}.Debug|Any CPU.Build.0 = Debug|Any CPU
		{3029F60E-F049-421C-8542-44455FC3804A}.Release|Any CPU.ActiveCfg = Release|Any CPU
		{3029F60E-F049-421C-8542-44455FC3804A}.Release|Any CPU.Build.0 = Release|Any CPU
		{3CDB68F7-F9C1-40E4-A53F-706A67E4339F}.Debug|Any CPU.ActiveCfg = Debug|Any CPU
		{3CDB68F7-F9C1-40E4-A53F-706A67E4339F}.Debug|Any CPU.Build.0 = Debug|Any CPU
		{3CDB68F7-F9C1-40E4-A53F-706A67E4339F}.Release|Any CPU.ActiveCfg = Release|Any CPU
		{3CDB68F7-F9C1-40E4-A53F-706A67E4339F}.Release|Any CPU.Build.0 = Release|Any CPU
		{CF0A9873-DEDE-404F-9747-30AFBCF48E7B}.Debug|Any CPU.ActiveCfg = Debug|Any CPU
		{CF0A9873-DEDE-404F-9747-30AFBCF48E7B}.Debug|Any CPU.Build.0 = Debug|Any CPU
		{CF0A9873-DEDE-404F-9747-30AFBCF48E7B}.Release|Any CPU.ActiveCfg = Release|Any CPU
		{CF0A9873-DEDE-404F-9747-30AFBCF48E7B}.Release|Any CPU.Build.0 = Release|Any CPU
		{C2B9CB26-7BF5-4592-A8B7-F2109C88D077}.Debug|Any CPU.ActiveCfg = Debug|Any CPU
		{C2B9CB26-7BF5-4592-A8B7-F2109C88D077}.Debug|Any CPU.Build.0 = Debug|Any CPU
		{C2B9CB26-7BF5-4592-A8B7-F2109C88D077}.Release|Any CPU.ActiveCfg = Release|Any CPU
		{C2B9CB26-7BF5-4592-A8B7-F2109C88D077}.Release|Any CPU.Build.0 = Release|Any CPU
		{E52CC96B-E9A8-4354-B2D6-82FADD6C4E86}.Debug|Any CPU.ActiveCfg = Debug|Any CPU
		{E52CC96B-E9A8-4354-B2D6-82FADD6C4E86}.Debug|Any CPU.Build.0 = Debug|Any CPU
		{E52CC96B-E9A8-4354-B2D6-82FADD6C4E86}.Release|Any CPU.ActiveCfg = Release|Any CPU
		{E52CC96B-E9A8-4354-B2D6-82FADD6C4E86}.Release|Any CPU.Build.0 = Release|Any CPU
		{57A9811D-AD82-4DB5-9C91-E63D28289D8F}.Debug|Any CPU.ActiveCfg = Debug|Any CPU
		{57A9811D-AD82-4DB5-9C91-E63D28289D8F}.Debug|Any CPU.Build.0 = Debug|Any CPU
		{57A9811D-AD82-4DB5-9C91-E63D28289D8F}.Release|Any CPU.ActiveCfg = Release|Any CPU
		{57A9811D-AD82-4DB5-9C91-E63D28289D8F}.Release|Any CPU.Build.0 = Release|Any CPU
	EndGlobalSection
	GlobalSection(SolutionProperties) = preSolution
		HideSolutionNode = FALSE
	EndGlobalSection
	GlobalSection(NestedProjects) = preSolution
		{73164829-EB96-4BE9-A852-EDFDDD73AD20} = {591B455B-7653-427B-9575-F1E28EFE5AFA}
		{3029F60E-F049-421C-8542-44455FC3804A} = {CD2C6D89-E7BC-47B5-88C1-F7EFA6A1F184}
		{3CDB68F7-F9C1-40E4-A53F-706A67E4339F} = {73164829-EB96-4BE9-A852-EDFDDD73AD20}
		{CF0A9873-DEDE-404F-9747-30AFBCF48E7B} = {73164829-EB96-4BE9-A852-EDFDDD73AD20}
		{C2B9CB26-7BF5-4592-A8B7-F2109C88D077} = {73164829-EB96-4BE9-A852-EDFDDD73AD20}
		{3CF229AD-9F9B-45B6-90B5-1872B42DF92D} = {591B455B-7653-427B-9575-F1E28EFE5AFA}
		{E52CC96B-E9A8-4354-B2D6-82FADD6C4E86} = {3CF229AD-9F9B-45B6-90B5-1872B42DF92D}
		{57A9811D-AD82-4DB5-9C91-E63D28289D8F} = {444A10E6-0737-4193-BE20-6B9D1895E0A8}
	EndGlobalSection
	GlobalSection(ExtensibilityGlobals) = postSolution
		SolutionGuid = {CD7D00B0-C2FA-47AA-AD90-54D142A79DCF}
	EndGlobalSection
EndGlobal
